
Microsoft Visual Studio Solution File, Format Version 12.00
Project("{2150E333-8FDC-42A3-9474-1A3956D46DE8}") = "Services", "Services", "{2A75D657-617E-44D1-9B95-70D2C9605800}"
EndProject
Project("{2150E333-8FDC-42A3-9474-1A3956D46DE8}") = "Conge", "Conge", "{7E8BB5AE-79A6-4D75-8EF2-4F4486A02352}"
EndProject
Project("{FAE04EC0-301F-11D3-BF4B-00C04F79EFBC}") = "Conge.Infrastructure", "src\Services\Conge\Conge.Infrastructure\Conge.Infrastructure.csproj", "{088E48D5-0303-4864-837E-E813334FBC10}"
EndProject
Project("{FAE04EC0-301F-11D3-BF4B-00C04F79EFBC}") = "Conge.Application", "src\Services\Conge\Conge.Application\Conge.Application.csproj", "{693F63D8-13CC-4636-9F3A-6B8A663EF9A0}"
EndProject
Project("{FAE04EC0-301F-11D3-BF4B-00C04F79EFBC}") = "Conge.API", "src\Services\Conge\Conge.API\Conge.API.csproj", "{C02C4DE9-4EDD-476A-9EAE-B0A72A9F63FC}"
EndProject
Project("{FAE04EC0-301F-11D3-BF4B-00C04F79EFBC}") = "Conge.Domain", "src\Services\Conge\Conge.Domain\Conge.Domain.csproj", "{5A91335E-AE8D-43CA-9E9A-504258CFA301}"
EndProject
Project("{2150E333-8FDC-42A3-9474-1A3956D46DE8}") = "BuildingBlocks", "BuildingBlocks", "{6C06523B-6422-4F3D-804A-4214B8C41302}"
EndProject
Project("{FAE04EC0-301F-11D3-BF4B-00C04F79EFBC}") = "BuildingBlocks", "src\BuildingBlocks\BuildingBlocks\BuildingBlocks.csproj", "{70E0AA1D-DF8B-4EAC-8648-5D3E2671DD87}"
EndProject
Project("{FAE04EC0-301F-11D3-BF4B-00C04F79EFBC}") = "BuildingBlocks.Messaging", "src\BuildingBlocks\BuildingBlocks.Messaging\BuildingBlocks.Messaging.csproj", "{F08A6749-A294-4146-8C9E-D3FDE82E8C99}"
EndProject
Project("{FAE04EC0-301F-11D3-BF4B-00C04F79EFBC}") = "Auth.API", "src\Services\Auth\Auth.API\Auth.API.csproj", "{BDAA2834-1CF0-4715-B8E8-A31C448A96E8}"
EndProject
Project("{2150E333-8FDC-42A3-9474-1A3956D46DE8}") = "Auth", "Auth", "{BD131D8C-34C0-42AC-8A0F-C9CF781E6EC4}"
EndProject
Project("{2150E333-8FDC-42A3-9474-1A3956D46DE8}") = "Docker-compose", "Docker-compose", "{444A840D-9997-498D-ABE0-45EFB0390C52}"
	ProjectSection(SolutionItems) = preProject
		docker-compose\docker-compose.yml = docker-compose\docker-compose.yml
		docker-compose\docker-compose.override.yml = docker-compose\docker-compose.override.yml
	EndProjectSection
EndProject
Project("{2150E333-8FDC-42A3-9474-1A3956D46DE8}") = "ApiGateways", "ApiGateways", "{149AB226-DD0C-4245-ABC5-9E9120425A96}"
EndProject
Project("{2150E333-8FDC-42A3-9474-1A3956D46DE8}") = "Solution Items", "Solution Items", "{0BB43976-3D24-456A-9E0D-A47C45D0A59D}"
	ProjectSection(SolutionItems) = preProject
		docker-compose.yml = docker-compose.yml
	EndProjectSection
EndProject
Project("{FAE04EC0-301F-11D3-BF4B-00C04F79EFBC}") = "YarpApiGateway", "src\ApiGateway\YarpApiGateway\YarpApiGateway.csproj", "{5CF55A29-AF44-47CB-94B6-7B0B0907E9AF}"
EndProject
Project("{2150E333-8FDC-42A3-9474-1A3956D46DE8}") = "Finance", "Finance", "{64D6B61C-AC65-4725-80D9-1648B723A6A8}"
EndProject
Project("{FAE04EC0-301F-11D3-BF4B-00C04F79EFBC}") = "Finance.Api", "src\Services\Finance\Finance.Api\Finance.Api.csproj", "{981F1AC5-AAD9-4BCC-B3DB-64021F55944A}"
EndProject
Project("{2150E333-8FDC-42A3-9474-1A3956D46DE8}") = "Compte", "Compte", "{3D2E5DFC-0F75-47DF-AA19-3A441701700D}"
EndProject
Project("{FAE04EC0-301F-11D3-BF4B-00C04F79EFBC}") = "Compte.Api", "src\Services\Compte\Compte.Api\Compte.Api.csproj", "{299985FE-0778-4FD9-8CFC-059030BB1560}"
EndProject
Project("{2150E333-8FDC-42A3-9474-1A3956D46DE8}") = "Personnel", "Personnel", "{5EE34F9A-6620-410F-8E1A-A06C05B1E221}"
EndProject
Project("{FAE04EC0-301F-11D3-BF4B-00C04F79EFBC}") = "Personnel.Api", "src\Services\Personnel\Personnel.Api\Personnel.Api.csproj", "{B2038789-0317-4A00-8F2A-29AD1264BCE6}"
EndProject
Global
	GlobalSection(SolutionConfigurationPlatforms) = preSolution
		Debug|Any CPU = Debug|Any CPU
		Release|Any CPU = Release|Any CPU
	EndGlobalSection
	GlobalSection(ProjectConfigurationPlatforms) = postSolution
		{088E48D5-0303-4864-837E-E813334FBC10}.Debug|Any CPU.ActiveCfg = Debug|Any CPU
		{088E48D5-0303-4864-837E-E813334FBC10}.Debug|Any CPU.Build.0 = Debug|Any CPU
		{088E48D5-0303-4864-837E-E813334FBC10}.Release|Any CPU.ActiveCfg = Release|Any CPU
		{088E48D5-0303-4864-837E-E813334FBC10}.Release|Any CPU.Build.0 = Release|Any CPU
		{693F63D8-13CC-4636-9F3A-6B8A663EF9A0}.Debug|Any CPU.ActiveCfg = Debug|Any CPU
		{693F63D8-13CC-4636-9F3A-6B8A663EF9A0}.Debug|Any CPU.Build.0 = Debug|Any CPU
		{693F63D8-13CC-4636-9F3A-6B8A663EF9A0}.Release|Any CPU.ActiveCfg = Release|Any CPU
		{693F63D8-13CC-4636-9F3A-6B8A663EF9A0}.Release|Any CPU.Build.0 = Release|Any CPU
		{C02C4DE9-4EDD-476A-9EAE-B0A72A9F63FC}.Debug|Any CPU.ActiveCfg = Debug|Any CPU
		{C02C4DE9-4EDD-476A-9EAE-B0A72A9F63FC}.Debug|Any CPU.Build.0 = Debug|Any CPU
		{C02C4DE9-4EDD-476A-9EAE-B0A72A9F63FC}.Release|Any CPU.ActiveCfg = Release|Any CPU
		{C02C4DE9-4EDD-476A-9EAE-B0A72A9F63FC}.Release|Any CPU.Build.0 = Release|Any CPU
		{5A91335E-AE8D-43CA-9E9A-504258CFA301}.Debug|Any CPU.ActiveCfg = Debug|Any CPU
		{5A91335E-AE8D-43CA-9E9A-504258CFA301}.Debug|Any CPU.Build.0 = Debug|Any CPU
		{5A91335E-AE8D-43CA-9E9A-504258CFA301}.Release|Any CPU.ActiveCfg = Release|Any CPU
		{5A91335E-AE8D-43CA-9E9A-504258CFA301}.Release|Any CPU.Build.0 = Release|Any CPU
		{70E0AA1D-DF8B-4EAC-8648-5D3E2671DD87}.Debug|Any CPU.ActiveCfg = Debug|Any CPU
		{70E0AA1D-DF8B-4EAC-8648-5D3E2671DD87}.Debug|Any CPU.Build.0 = Debug|Any CPU
		{70E0AA1D-DF8B-4EAC-8648-5D3E2671DD87}.Release|Any CPU.ActiveCfg = Release|Any CPU
		{70E0AA1D-DF8B-4EAC-8648-5D3E2671DD87}.Release|Any CPU.Build.0 = Release|Any CPU
		{F08A6749-A294-4146-8C9E-D3FDE82E8C99}.Debug|Any CPU.ActiveCfg = Debug|Any CPU
		{F08A6749-A294-4146-8C9E-D3FDE82E8C99}.Debug|Any CPU.Build.0 = Debug|Any CPU
		{F08A6749-A294-4146-8C9E-D3FDE82E8C99}.Release|Any CPU.ActiveCfg = Release|Any CPU
		{F08A6749-A294-4146-8C9E-D3FDE82E8C99}.Release|Any CPU.Build.0 = Release|Any CPU
		{BDAA2834-1CF0-4715-B8E8-A31C448A96E8}.Debug|Any CPU.ActiveCfg = Debug|Any CPU
		{BDAA2834-1CF0-4715-B8E8-A31C448A96E8}.Debug|Any CPU.Build.0 = Debug|Any CPU
		{BDAA2834-1CF0-4715-B8E8-A31C448A96E8}.Release|Any CPU.ActiveCfg = Release|Any CPU
		{BDAA2834-1CF0-4715-B8E8-A31C448A96E8}.Release|Any CPU.Build.0 = Release|Any CPU
		{5CF55A29-AF44-47CB-94B6-7B0B0907E9AF}.Debug|Any CPU.ActiveCfg = Debug|Any CPU
		{5CF55A29-AF44-47CB-94B6-7B0B0907E9AF}.Debug|Any CPU.Build.0 = Debug|Any CPU
		{5CF55A29-AF44-47CB-94B6-7B0B0907E9AF}.Release|Any CPU.ActiveCfg = Release|Any CPU
		{5CF55A29-AF44-47CB-94B6-7B0B0907E9AF}.Release|Any CPU.Build.0 = Release|Any CPU
		{981F1AC5-AAD9-4BCC-B3DB-64021F55944A}.Debug|Any CPU.ActiveCfg = Debug|Any CPU
		{981F1AC5-AAD9-4BCC-B3DB-64021F55944A}.Debug|Any CPU.Build.0 = Debug|Any CPU
		{981F1AC5-AAD9-4BCC-B3DB-64021F55944A}.Release|Any CPU.ActiveCfg = Release|Any CPU
		{981F1AC5-AAD9-4BCC-B3DB-64021F55944A}.Release|Any CPU.Build.0 = Release|Any CPU
		{299985FE-0778-4FD9-8CFC-059030BB1560}.Debug|Any CPU.ActiveCfg = Debug|Any CPU
		{299985FE-0778-4FD9-8CFC-059030BB1560}.Debug|Any CPU.Build.0 = Debug|Any CPU
		{299985FE-0778-4FD9-8CFC-059030BB1560}.Release|Any CPU.ActiveCfg = Release|Any CPU
		{299985FE-0778-4FD9-8CFC-059030BB1560}.Release|Any CPU.Build.0 = Release|Any CPU
		{B2038789-0317-4A00-8F2A-29AD1264BCE6}.Debug|Any CPU.ActiveCfg = Debug|Any CPU
		{B2038789-0317-4A00-8F2A-29AD1264BCE6}.Debug|Any CPU.Build.0 = Debug|Any CPU
		{B2038789-0317-4A00-8F2A-29AD1264BCE6}.Release|Any CPU.ActiveCfg = Release|Any CPU
		{B2038789-0317-4A00-8F2A-29AD1264BCE6}.Release|Any CPU.Build.0 = Release|Any CPU
	EndGlobalSection
	GlobalSection(NestedProjects) = preSolution
		{7E8BB5AE-79A6-4D75-8EF2-4F4486A02352} = {2A75D657-617E-44D1-9B95-70D2C9605800}
		{088E48D5-0303-4864-837E-E813334FBC10} = {7E8BB5AE-79A6-4D75-8EF2-4F4486A02352}
		{693F63D8-13CC-4636-9F3A-6B8A663EF9A0} = {7E8BB5AE-79A6-4D75-8EF2-4F4486A02352}
		{C02C4DE9-4EDD-476A-9EAE-B0A72A9F63FC} = {7E8BB5AE-79A6-4D75-8EF2-4F4486A02352}
		{5A91335E-AE8D-43CA-9E9A-504258CFA301} = {7E8BB5AE-79A6-4D75-8EF2-4F4486A02352}
		{70E0AA1D-DF8B-4EAC-8648-5D3E2671DD87} = {6C06523B-6422-4F3D-804A-4214B8C41302}
		{F08A6749-A294-4146-8C9E-D3FDE82E8C99} = {6C06523B-6422-4F3D-804A-4214B8C41302}
		{BD131D8C-34C0-42AC-8A0F-C9CF781E6EC4} = {2A75D657-617E-44D1-9B95-70D2C9605800}
		{BDAA2834-1CF0-4715-B8E8-A31C448A96E8} = {BD131D8C-34C0-42AC-8A0F-C9CF781E6EC4}
		{5CF55A29-AF44-47CB-94B6-7B0B0907E9AF} = {149AB226-DD0C-4245-ABC5-9E9120425A96}
		{64D6B61C-AC65-4725-80D9-1648B723A6A8} = {2A75D657-617E-44D1-9B95-70D2C9605800}
		{981F1AC5-AAD9-4BCC-B3DB-64021F55944A} = {64D6B61C-AC65-4725-80D9-1648B723A6A8}
		{3D2E5DFC-0F75-47DF-AA19-3A441701700D} = {2A75D657-617E-44D1-9B95-70D2C9605800}
		{299985FE-0778-4FD9-8CFC-059030BB1560} = {3D2E5DFC-0F75-47DF-AA19-3A441701700D}
		{5EE34F9A-6620-410F-8E1A-A06C05B1E221} = {2A75D657-617E-44D1-9B95-70D2C9605800}
		{B2038789-0317-4A00-8F2A-29AD1264BCE6} = {5EE34F9A-6620-410F-8E1A-A06C05B1E221}
	EndGlobalSection
EndGlobal
